
Microsoft Visual Studio Solution File, Format Version 12.00
# Visual Studio 15
VisualStudioVersion = 15.0.27428.2037
MinimumVisualStudioVersion = 10.0.40219.1
Project("{FAE04EC0-301F-11D3-BF4B-00C04F79EFBC}") = "RestCalculatorService", "RestCalculatorService\RestCalculatorService.csproj", "{93F2D530-86D3-4F32-AA64-DCEC5174D921}"
EndProject
Global
	GlobalSection(SolutionConfigurationPlatforms) = preSolution
		Debug|Any CPU = Debug|Any CPU
		Release|Any CPU = Release|Any CPU
	EndGlobalSection
	GlobalSection(ProjectConfigurationPlatforms) = postSolution
		{93F2D530-86D3-4F32-AA64-DCEC5174D921}.Debug|Any CPU.ActiveCfg = Debug|Any CPU
		{93F2D530-86D3-4F32-AA64-DCEC5174D921}.Debug|Any CPU.Build.0 = Debug|Any CPU
		{93F2D530-86D3-4F32-AA64-DCEC5174D921}.Release|Any CPU.ActiveCfg = Release|Any CPU
		{93F2D530-86D3-4F32-AA64-DCEC5174D921}.Release|Any CPU.Build.0 = Release|Any CPU
	EndGlobalSection
	GlobalSection(SolutionProperties) = preSolution
		HideSolutionNode = FALSE
	EndGlobalSection
	GlobalSection(ExtensibilityGlobals) = postSolution
		SolutionGuid = {3D86E8B7-099A-4CFF-9705-C6389654F837}
	EndGlobalSection
EndGlobal
